
Microsoft Visual Studio Solution File, Format Version 12.00
# Visual Studio Version 17
VisualStudioVersion = 17.0.31903.59
MinimumVisualStudioVersion = 10.0.40219.1
Project("{FAE04EC0-301F-11D3-BF4B-00C04F79EFBC}") = "Dotnet0.Engine", "Dotnet0.Engine\Dotnet0.Engine.csproj", "{269353B2-4507-44CE-8562-26DE48213DAE}"
EndProject
Global
	GlobalSection(SolutionConfigurationPlatforms) = preSolution
		Debug|Any CPU = Debug|Any CPU
		Release|Any CPU = Release|Any CPU
	EndGlobalSection
	GlobalSection(SolutionProperties) = preSolution
		HideSolutionNode = FALSE
	EndGlobalSection
	GlobalSection(ProjectConfigurationPlatforms) = postSolution
		{269353B2-4507-44CE-8562-26DE48213DAE}.Debug|Any CPU.ActiveCfg = Debug|Any CPU
		{269353B2-4507-44CE-8562-26DE48213DAE}.Debug|Any CPU.Build.0 = Debug|Any CPU
		{269353B2-4507-44CE-8562-26DE48213DAE}.Release|Any CPU.ActiveCfg = Release|Any CPU
		{269353B2-4507-44CE-8562-26DE48213DAE}.Release|Any CPU.Build.0 = Release|Any CPU
	EndGlobalSection
EndGlobal
